
Microsoft Visual Studio Solution File, Format Version 12.00
# Visual Studio Version 17
VisualStudioVersion = 17.5.33516.290
MinimumVisualStudioVersion = 10.0.40219.1
Project("{2150E333-8FDC-42A3-9474-1A3956D46DE8}") = "Src", "Src", "{10668865-5C7A-41F4-B13D-B6C8817AB6EA}"
EndProject
Project("{2150E333-8FDC-42A3-9474-1A3956D46DE8}") = "API", "API", "{16CC1633-4801-4425-B92E-63F187872CC1}"
EndProject
Project("{2150E333-8FDC-42A3-9474-1A3956D46DE8}") = "Test", "Test", "{4B5B16A8-F17E-4218-BDEC-8DC9917E146A}"
EndProject
Project("{2150E333-8FDC-42A3-9474-1A3956D46DE8}") = "Core", "Core", "{242D919B-5BF5-4B6F-AED4-24CEC67D897B}"
EndProject
Project("{2150E333-8FDC-42A3-9474-1A3956D46DE8}") = "Infrastructure", "Infrastructure", "{4173F46D-26C5-44E5-85E8-407E1613CD92}"
EndProject
Project("{2150E333-8FDC-42A3-9474-1A3956D46DE8}") = "UI", "UI", "{2B4AADFC-9912-4375-AACF-88B10173BF9F}"
EndProject
Project("{9A19103F-16F7-4668-BE54-9A1E7A4F7556}") = "BSG.EasyShop.Domain", "BSG.EasyShop.Domain\BSG.EasyShop.Domain.csproj", "{AAEFA8DE-127A-4A4C-A934-490D73E24969}"
EndProject
Project("{9A19103F-16F7-4668-BE54-9A1E7A4F7556}") = "BSG.EasyShop.Application", "BSG.EasyShop.Application\BSG.EasyShop.Application.csproj", "{8CC76A45-56B0-428B-B952-5E0499FDA8DE}"
EndProject
Project("{9A19103F-16F7-4668-BE54-9A1E7A4F7556}") = "BSG.EasyShop.Infrastructure", "BSG.EasyShop.Infrastructure\BSG.EasyShop.Infrastructure.csproj", "{D393FC34-E6D3-457F-BF4C-B8CCB5B1505A}"
EndProject
Project("{9A19103F-16F7-4668-BE54-9A1E7A4F7556}") = "BSG.EasyShop.Persistence", "BSG.EasyShop.Persistence\BSG.EasyShop.Persistence.csproj", "{28087A67-0E66-4291-83C7-E2B9F47AA5B4}"
EndProject
Project("{9A19103F-16F7-4668-BE54-9A1E7A4F7556}") = "BSG.EasyShop.API", "BSG.EasyShop.API\BSG.EasyShop.API.csproj", "{713B2670-62DC-414F-A776-9821184DF9FC}"
EndProject
Project("{9A19103F-16F7-4668-BE54-9A1E7A4F7556}") = "BSG.EasyShop.Application.UnitTests", "BSG.EasyShop.Application.UnitTests\BSG.EasyShop.Application.UnitTests.csproj", "{CB0925EE-80AE-49FF-A93B-88B21A445624}"
EndProject
Project("{9A19103F-16F7-4668-BE54-9A1E7A4F7556}") = "BSG.EasyShop.WebUI.MVC", "BSG.EasyShop.WebUI.MVC\BSG.EasyShop.WebUI.MVC.csproj", "{E1F82688-FF17-413A-A3E3-2A90C03E021B}"
EndProject
Project("{9A19103F-16F7-4668-BE54-9A1E7A4F7556}") = "BSG.EasyShop.Identity", "BSG.EasyShop.Identity\BSG.EasyShop.Identity.csproj", "{0E98D6A5-6AFA-44FC-AFE0-935A8AEC526A}"
EndProject
Project("{FAE04EC0-301F-11D3-BF4B-00C04F79EFBC}") = "BSG.EasyShop.Resources", "BSG.EasyShop.Resources\BSG.EasyShop.Resources.csproj", "{CA0397D9-3031-446C-92DC-36BF325E6BF9}"
EndProject
Global
	GlobalSection(SolutionConfigurationPlatforms) = preSolution
		Debug|Any CPU = Debug|Any CPU
		Release|Any CPU = Release|Any CPU
	EndGlobalSection
	GlobalSection(ProjectConfigurationPlatforms) = postSolution
		{AAEFA8DE-127A-4A4C-A934-490D73E24969}.Debug|Any CPU.ActiveCfg = Debug|Any CPU
		{AAEFA8DE-127A-4A4C-A934-490D73E24969}.Debug|Any CPU.Build.0 = Debug|Any CPU
		{AAEFA8DE-127A-4A4C-A934-490D73E24969}.Release|Any CPU.ActiveCfg = Release|Any CPU
		{AAEFA8DE-127A-4A4C-A934-490D73E24969}.Release|Any CPU.Build.0 = Release|Any CPU
		{8CC76A45-56B0-428B-B952-5E0499FDA8DE}.Debug|Any CPU.ActiveCfg = Debug|Any CPU
		{8CC76A45-56B0-428B-B952-5E0499FDA8DE}.Debug|Any CPU.Build.0 = Debug|Any CPU
		{8CC76A45-56B0-428B-B952-5E0499FDA8DE}.Release|Any CPU.ActiveCfg = Release|Any CPU
		{8CC76A45-56B0-428B-B952-5E0499FDA8DE}.Release|Any CPU.Build.0 = Release|Any CPU
		{D393FC34-E6D3-457F-BF4C-B8CCB5B1505A}.Debug|Any CPU.ActiveCfg = Debug|Any CPU
		{D393FC34-E6D3-457F-BF4C-B8CCB5B1505A}.Debug|Any CPU.Build.0 = Debug|Any CPU
		{D393FC34-E6D3-457F-BF4C-B8CCB5B1505A}.Release|Any CPU.ActiveCfg = Release|Any CPU
		{D393FC34-E6D3-457F-BF4C-B8CCB5B1505A}.Release|Any CPU.Build.0 = Release|Any CPU
		{28087A67-0E66-4291-83C7-E2B9F47AA5B4}.Debug|Any CPU.ActiveCfg = Debug|Any CPU
		{28087A67-0E66-4291-83C7-E2B9F47AA5B4}.Debug|Any CPU.Build.0 = Debug|Any CPU
		{28087A67-0E66-4291-83C7-E2B9F47AA5B4}.Release|Any CPU.ActiveCfg = Release|Any CPU
		{28087A67-0E66-4291-83C7-E2B9F47AA5B4}.Release|Any CPU.Build.0 = Release|Any CPU
		{713B2670-62DC-414F-A776-9821184DF9FC}.Debug|Any CPU.ActiveCfg = Debug|Any CPU
		{713B2670-62DC-414F-A776-9821184DF9FC}.Debug|Any CPU.Build.0 = Debug|Any CPU
		{713B2670-62DC-414F-A776-9821184DF9FC}.Release|Any CPU.ActiveCfg = Release|Any CPU
		{713B2670-62DC-414F-A776-9821184DF9FC}.Release|Any CPU.Build.0 = Release|Any CPU
		{CB0925EE-80AE-49FF-A93B-88B21A445624}.Debug|Any CPU.ActiveCfg = Debug|Any CPU
		{CB0925EE-80AE-49FF-A93B-88B21A445624}.Debug|Any CPU.Build.0 = Debug|Any CPU
		{CB0925EE-80AE-49FF-A93B-88B21A445624}.Release|Any CPU.ActiveCfg = Release|Any CPU
		{CB0925EE-80AE-49FF-A93B-88B21A445624}.Release|Any CPU.Build.0 = Release|Any CPU
		{E1F82688-FF17-413A-A3E3-2A90C03E021B}.Debug|Any CPU.ActiveCfg = Debug|Any CPU
		{E1F82688-FF17-413A-A3E3-2A90C03E021B}.Debug|Any CPU.Build.0 = Debug|Any CPU
		{E1F82688-FF17-413A-A3E3-2A90C03E021B}.Release|Any CPU.ActiveCfg = Release|Any CPU
		{E1F82688-FF17-413A-A3E3-2A90C03E021B}.Release|Any CPU.Build.0 = Release|Any CPU
		{0E98D6A5-6AFA-44FC-AFE0-935A8AEC526A}.Debug|Any CPU.ActiveCfg = Debug|Any CPU
		{0E98D6A5-6AFA-44FC-AFE0-935A8AEC526A}.Debug|Any CPU.Build.0 = Debug|Any CPU
		{0E98D6A5-6AFA-44FC-AFE0-935A8AEC526A}.Release|Any CPU.ActiveCfg = Release|Any CPU
		{0E98D6A5-6AFA-44FC-AFE0-935A8AEC526A}.Release|Any CPU.Build.0 = Release|Any CPU
		{CA0397D9-3031-446C-92DC-36BF325E6BF9}.Debug|Any CPU.ActiveCfg = Debug|Any CPU
		{CA0397D9-3031-446C-92DC-36BF325E6BF9}.Debug|Any CPU.Build.0 = Debug|Any CPU
		{CA0397D9-3031-446C-92DC-36BF325E6BF9}.Release|Any CPU.ActiveCfg = Release|Any CPU
		{CA0397D9-3031-446C-92DC-36BF325E6BF9}.Release|Any CPU.Build.0 = Release|Any CPU
	EndGlobalSection
	GlobalSection(SolutionProperties) = preSolution
		HideSolutionNode = FALSE
	EndGlobalSection
	GlobalSection(NestedProjects) = preSolution
		{16CC1633-4801-4425-B92E-63F187872CC1} = {10668865-5C7A-41F4-B13D-B6C8817AB6EA}
		{242D919B-5BF5-4B6F-AED4-24CEC67D897B} = {10668865-5C7A-41F4-B13D-B6C8817AB6EA}
		{4173F46D-26C5-44E5-85E8-407E1613CD92} = {10668865-5C7A-41F4-B13D-B6C8817AB6EA}
		{2B4AADFC-9912-4375-AACF-88B10173BF9F} = {10668865-5C7A-41F4-B13D-B6C8817AB6EA}
		{AAEFA8DE-127A-4A4C-A934-490D73E24969} = {242D919B-5BF5-4B6F-AED4-24CEC67D897B}
		{8CC76A45-56B0-428B-B952-5E0499FDA8DE} = {242D919B-5BF5-4B6F-AED4-24CEC67D897B}
		{D393FC34-E6D3-457F-BF4C-B8CCB5B1505A} = {4173F46D-26C5-44E5-85E8-407E1613CD92}
		{28087A67-0E66-4291-83C7-E2B9F47AA5B4} = {4173F46D-26C5-44E5-85E8-407E1613CD92}
		{713B2670-62DC-414F-A776-9821184DF9FC} = {16CC1633-4801-4425-B92E-63F187872CC1}
		{CB0925EE-80AE-49FF-A93B-88B21A445624} = {4B5B16A8-F17E-4218-BDEC-8DC9917E146A}
		{E1F82688-FF17-413A-A3E3-2A90C03E021B} = {2B4AADFC-9912-4375-AACF-88B10173BF9F}
		{0E98D6A5-6AFA-44FC-AFE0-935A8AEC526A} = {4173F46D-26C5-44E5-85E8-407E1613CD92}
		{CA0397D9-3031-446C-92DC-36BF325E6BF9} = {242D919B-5BF5-4B6F-AED4-24CEC67D897B}
	EndGlobalSection
	GlobalSection(ExtensibilityGlobals) = postSolution
		SolutionGuid = {F6013943-A667-49B3-9292-0E6CB5061A33}
	EndGlobalSection
EndGlobal
